
Microsoft Visual Studio Solution File, Format Version 12.00
# Visual Studio 15
VisualStudioVersion = 15.0.33026.149
MinimumVisualStudioVersion = 10.0.40219.1
Project("{F184B08F-C81C-45F6-A57F-5ABD9991F28F}") = "TESTING", "TESTING\TESTING.vbproj", "{93DFD409-C71E-45A9-BD61-814A94468FEE}"
EndProject
Global
	GlobalSection(SolutionConfigurationPlatforms) = preSolution
		Debug|Any CPU = Debug|Any CPU
		Release|Any CPU = Release|Any CPU
	EndGlobalSection
	GlobalSection(ProjectConfigurationPlatforms) = postSolution
		{93DFD409-C71E-45A9-BD61-814A94468FEE}.Debug|Any CPU.ActiveCfg = Debug|Any CPU
		{93DFD409-C71E-45A9-BD61-814A94468FEE}.Debug|Any CPU.Build.0 = Debug|Any CPU
		{93DFD409-C71E-45A9-BD61-814A94468FEE}.Release|Any CPU.ActiveCfg = Release|Any CPU
		{93DFD409-C71E-45A9-BD61-814A94468FEE}.Release|Any CPU.Build.0 = Release|Any CPU
	EndGlobalSection
	GlobalSection(SolutionProperties) = preSolution
		HideSolutionNode = FALSE
	EndGlobalSection
	GlobalSection(ExtensibilityGlobals) = postSolution
		SolutionGuid = {A2AA91E5-D457-418A-B726-965806C43D6F}
	EndGlobalSection
EndGlobal
